
Microsoft Visual Studio Solution File, Format Version 12.00
# Visual Studio 15
VisualStudioVersion = 15.0.28306.52
MinimumVisualStudioVersion = 10.0.40219.1
Project("{FAE04EC0-301F-11D3-BF4B-00C04F79EFBC}") = "VCRevitRibbonUtil", "VCRevitRibbonUtil\VCRevitRibbonUtil.csproj", "{6F3ACF2D-4068-4210-BBBC-55AF23EAAD69}"
EndProject
Project("{FAE04EC0-301F-11D3-BF4B-00C04F79EFBC}") = "VCRevitRibbonUtilSample", "VCRevitRibbonUtilSample\VCRevitRibbonUtilSample.csproj", "{F09FBF0A-0290-4400-91BC-58F0A72F800A}"
EndProject
Global
	GlobalSection(SolutionConfigurationPlatforms) = preSolution
		Debug 2018|Any CPU = Debug 2018|Any CPU
		Debug 2018|x64 = Debug 2018|x64
		Release 2018|Any CPU = Release 2018|Any CPU
		Release 2018|x64 = Release 2018|x64
	EndGlobalSection
	GlobalSection(ProjectConfigurationPlatforms) = postSolution
		{6F3ACF2D-4068-4210-BBBC-55AF23EAAD69}.Debug 2018|Any CPU.ActiveCfg = Debug 2018|Any CPU
		{6F3ACF2D-4068-4210-BBBC-55AF23EAAD69}.Debug 2018|Any CPU.Build.0 = Debug 2018|Any CPU
		{6F3ACF2D-4068-4210-BBBC-55AF23EAAD69}.Debug 2018|x64.ActiveCfg = Debug 2018|x64
		{6F3ACF2D-4068-4210-BBBC-55AF23EAAD69}.Debug 2018|x64.Build.0 = Debug 2018|x64
		{6F3ACF2D-4068-4210-BBBC-55AF23EAAD69}.Release 2018|Any CPU.ActiveCfg = Release 2018|Any CPU
		{6F3ACF2D-4068-4210-BBBC-55AF23EAAD69}.Release 2018|Any CPU.Build.0 = Release 2018|Any CPU
		{6F3ACF2D-4068-4210-BBBC-55AF23EAAD69}.Release 2018|x64.ActiveCfg = Release 2018|x64
		{6F3ACF2D-4068-4210-BBBC-55AF23EAAD69}.Release 2018|x64.Build.0 = Release 2018|x64
		{F09FBF0A-0290-4400-91BC-58F0A72F800A}.Debug 2018|Any CPU.ActiveCfg = Debug 2018|Any CPU
		{F09FBF0A-0290-4400-91BC-58F0A72F800A}.Debug 2018|Any CPU.Build.0 = Debug 2018|Any CPU
		{F09FBF0A-0290-4400-91BC-58F0A72F800A}.Debug 2018|x64.ActiveCfg = Debug 2018|x64
		{F09FBF0A-0290-4400-91BC-58F0A72F800A}.Debug 2018|x64.Build.0 = Debug 2018|x64
		{F09FBF0A-0290-4400-91BC-58F0A72F800A}.Release 2018|Any CPU.ActiveCfg = Release 2018|Any CPU
		{F09FBF0A-0290-4400-91BC-58F0A72F800A}.Release 2018|Any CPU.Build.0 = Release 2018|Any CPU
		{F09FBF0A-0290-4400-91BC-58F0A72F800A}.Release 2018|x64.ActiveCfg = Release 2018|x64
		{F09FBF0A-0290-4400-91BC-58F0A72F800A}.Release 2018|x64.Build.0 = Release 2018|x64
	EndGlobalSection
	GlobalSection(SolutionProperties) = preSolution
		HideSolutionNode = FALSE
	EndGlobalSection
	GlobalSection(ExtensibilityGlobals) = postSolution
		SolutionGuid = {E16F0315-B3AE-4A4C-8C2B-1A949F4DA72C}
	EndGlobalSection
EndGlobal
